
Microsoft Visual Studio Solution File, Format Version 12.00
# Visual Studio Version 16
VisualStudioVersion = 16.0.30711.63
MinimumVisualStudioVersion = 15.0.26124.0
Project("{2150E333-8FDC-42A3-9474-1A3956D46DE8}") = "Constructor", "Constructor", "{EE4E757E-3A78-4D1E-9A23-39F66F3B4260}"
EndProject
Project("{2150E333-8FDC-42A3-9474-1A3956D46DE8}") = "Eletrician", "Eletrician", "{000820C4-53AF-4421-AE10-862A107BBCE2}"
EndProject
Project("{2150E333-8FDC-42A3-9474-1A3956D46DE8}") = "Plumber", "Plumber", "{D679CC68-E828-4754-B7D6-F1CF31E052AA}"
EndProject
Project("{9A19103F-16F7-4668-BE54-9A1E7A4F7556}") = "AwsomeConstructor", "..\constructor\src\AwsomeConstructor.csproj", "{BD1C6BE4-77C5-4DDD-AFD7-E878AE9B7CE3}"
EndProject
Project("{9A19103F-16F7-4668-BE54-9A1E7A4F7556}") = "AwsomeElectricians", "..\eletrician\src\AwsomeElectricians.csproj", "{7F936E9B-296B-4886-A90A-F6DA4E4468FA}"
EndProject
Project("{9A19103F-16F7-4668-BE54-9A1E7A4F7556}") = "PlumberBrothers", "..\plumber\src\PlumberBrothers.csproj", "{523E6597-A47A-44EB-855A-F6A1ACF0A200}"
EndProject
Project("{FAE04EC0-301F-11D3-BF4B-00C04F79EFBC}") = "PSD.Common", "PSD.Common\PSD.Common.csproj", "{56939B0C-CCD9-409E-8423-211EA04BD87D}"
EndProject
Global
	GlobalSection(SolutionConfigurationPlatforms) = preSolution
		Debug|Any CPU = Debug|Any CPU
		Debug|x64 = Debug|x64
		Debug|x86 = Debug|x86
		Release|Any CPU = Release|Any CPU
		Release|x64 = Release|x64
		Release|x86 = Release|x86
	EndGlobalSection
	GlobalSection(ProjectConfigurationPlatforms) = postSolution
		{BD1C6BE4-77C5-4DDD-AFD7-E878AE9B7CE3}.Debug|Any CPU.ActiveCfg = Debug|Any CPU
		{BD1C6BE4-77C5-4DDD-AFD7-E878AE9B7CE3}.Debug|Any CPU.Build.0 = Debug|Any CPU
		{BD1C6BE4-77C5-4DDD-AFD7-E878AE9B7CE3}.Debug|x64.ActiveCfg = Debug|Any CPU
		{BD1C6BE4-77C5-4DDD-AFD7-E878AE9B7CE3}.Debug|x64.Build.0 = Debug|Any CPU
		{BD1C6BE4-77C5-4DDD-AFD7-E878AE9B7CE3}.Debug|x86.ActiveCfg = Debug|Any CPU
		{BD1C6BE4-77C5-4DDD-AFD7-E878AE9B7CE3}.Debug|x86.Build.0 = Debug|Any CPU
		{BD1C6BE4-77C5-4DDD-AFD7-E878AE9B7CE3}.Release|Any CPU.ActiveCfg = Release|Any CPU
		{BD1C6BE4-77C5-4DDD-AFD7-E878AE9B7CE3}.Release|Any CPU.Build.0 = Release|Any CPU
		{BD1C6BE4-77C5-4DDD-AFD7-E878AE9B7CE3}.Release|x64.ActiveCfg = Release|Any CPU
		{BD1C6BE4-77C5-4DDD-AFD7-E878AE9B7CE3}.Release|x64.Build.0 = Release|Any CPU
		{BD1C6BE4-77C5-4DDD-AFD7-E878AE9B7CE3}.Release|x86.ActiveCfg = Release|Any CPU
		{BD1C6BE4-77C5-4DDD-AFD7-E878AE9B7CE3}.Release|x86.Build.0 = Release|Any CPU
		{7F936E9B-296B-4886-A90A-F6DA4E4468FA}.Debug|Any CPU.ActiveCfg = Debug|Any CPU
		{7F936E9B-296B-4886-A90A-F6DA4E4468FA}.Debug|Any CPU.Build.0 = Debug|Any CPU
		{7F936E9B-296B-4886-A90A-F6DA4E4468FA}.Debug|x64.ActiveCfg = Debug|Any CPU
		{7F936E9B-296B-4886-A90A-F6DA4E4468FA}.Debug|x64.Build.0 = Debug|Any CPU
		{7F936E9B-296B-4886-A90A-F6DA4E4468FA}.Debug|x86.ActiveCfg = Debug|Any CPU
		{7F936E9B-296B-4886-A90A-F6DA4E4468FA}.Debug|x86.Build.0 = Debug|Any CPU
		{7F936E9B-296B-4886-A90A-F6DA4E4468FA}.Release|Any CPU.ActiveCfg = Release|Any CPU
		{7F936E9B-296B-4886-A90A-F6DA4E4468FA}.Release|Any CPU.Build.0 = Release|Any CPU
		{7F936E9B-296B-4886-A90A-F6DA4E4468FA}.Release|x64.ActiveCfg = Release|Any CPU
		{7F936E9B-296B-4886-A90A-F6DA4E4468FA}.Release|x64.Build.0 = Release|Any CPU
		{7F936E9B-296B-4886-A90A-F6DA4E4468FA}.Release|x86.ActiveCfg = Release|Any CPU
		{7F936E9B-296B-4886-A90A-F6DA4E4468FA}.Release|x86.Build.0 = Release|Any CPU
		{523E6597-A47A-44EB-855A-F6A1ACF0A200}.Debug|Any CPU.ActiveCfg = Debug|Any CPU
		{523E6597-A47A-44EB-855A-F6A1ACF0A200}.Debug|Any CPU.Build.0 = Debug|Any CPU
		{523E6597-A47A-44EB-855A-F6A1ACF0A200}.Debug|x64.ActiveCfg = Debug|Any CPU
		{523E6597-A47A-44EB-855A-F6A1ACF0A200}.Debug|x64.Build.0 = Debug|Any CPU
		{523E6597-A47A-44EB-855A-F6A1ACF0A200}.Debug|x86.ActiveCfg = Debug|Any CPU
		{523E6597-A47A-44EB-855A-F6A1ACF0A200}.Debug|x86.Build.0 = Debug|Any CPU
		{523E6597-A47A-44EB-855A-F6A1ACF0A200}.Release|Any CPU.ActiveCfg = Release|Any CPU
		{523E6597-A47A-44EB-855A-F6A1ACF0A200}.Release|Any CPU.Build.0 = Release|Any CPU
		{523E6597-A47A-44EB-855A-F6A1ACF0A200}.Release|x64.ActiveCfg = Release|Any CPU
		{523E6597-A47A-44EB-855A-F6A1ACF0A200}.Release|x64.Build.0 = Release|Any CPU
		{523E6597-A47A-44EB-855A-F6A1ACF0A200}.Release|x86.ActiveCfg = Release|Any CPU
		{523E6597-A47A-44EB-855A-F6A1ACF0A200}.Release|x86.Build.0 = Release|Any CPU
		{56939B0C-CCD9-409E-8423-211EA04BD87D}.Debug|Any CPU.ActiveCfg = Debug|Any CPU
		{56939B0C-CCD9-409E-8423-211EA04BD87D}.Debug|Any CPU.Build.0 = Debug|Any CPU
		{56939B0C-CCD9-409E-8423-211EA04BD87D}.Debug|x64.ActiveCfg = Debug|Any CPU
		{56939B0C-CCD9-409E-8423-211EA04BD87D}.Debug|x64.Build.0 = Debug|Any CPU
		{56939B0C-CCD9-409E-8423-211EA04BD87D}.Debug|x86.ActiveCfg = Debug|Any CPU
		{56939B0C-CCD9-409E-8423-211EA04BD87D}.Debug|x86.Build.0 = Debug|Any CPU
		{56939B0C-CCD9-409E-8423-211EA04BD87D}.Release|Any CPU.ActiveCfg = Release|Any CPU
		{56939B0C-CCD9-409E-8423-211EA04BD87D}.Release|Any CPU.Build.0 = Release|Any CPU
		{56939B0C-CCD9-409E-8423-211EA04BD87D}.Release|x64.ActiveCfg = Release|Any CPU
		{56939B0C-CCD9-409E-8423-211EA04BD87D}.Release|x64.Build.0 = Release|Any CPU
		{56939B0C-CCD9-409E-8423-211EA04BD87D}.Release|x86.ActiveCfg = Release|Any CPU
		{56939B0C-CCD9-409E-8423-211EA04BD87D}.Release|x86.Build.0 = Release|Any CPU
	EndGlobalSection
	GlobalSection(SolutionProperties) = preSolution
		HideSolutionNode = FALSE
	EndGlobalSection
	GlobalSection(NestedProjects) = preSolution
		{BD1C6BE4-77C5-4DDD-AFD7-E878AE9B7CE3} = {EE4E757E-3A78-4D1E-9A23-39F66F3B4260}
		{7F936E9B-296B-4886-A90A-F6DA4E4468FA} = {000820C4-53AF-4421-AE10-862A107BBCE2}
		{523E6597-A47A-44EB-855A-F6A1ACF0A200} = {D679CC68-E828-4754-B7D6-F1CF31E052AA}
	EndGlobalSection
	GlobalSection(ExtensibilityGlobals) = postSolution
		SolutionGuid = {444CA342-D391-4341-8AE5-85546FC40A3C}
	EndGlobalSection
EndGlobal
