
Microsoft Visual Studio Solution File, Format Version 12.00
# Visual Studio Version 16
VisualStudioVersion = 16.0.30711.63
MinimumVisualStudioVersion = 15.0.26124.0
Project("{2150E333-8FDC-42A3-9474-1A3956D46DE8}") = "Constructor", "Constructor", "{EE4E757E-3A78-4D1E-9A23-39F66F3B4260}"
EndProject
Project("{2150E333-8FDC-42A3-9474-1A3956D46DE8}") = "Eletrician", "Eletrician", "{000820C4-53AF-4421-AE10-862A107BBCE2}"
EndProject
Project("{2150E333-8FDC-42A3-9474-1A3956D46DE8}") = "Plumber", "Plumber", "{D679CC68-E828-4754-B7D6-F1CF31E052AA}"
EndProject
Project("{9A19103F-16F7-4668-BE54-9A1E7A4F7556}") = "PSD.Common", "PSD.Common\PSD.Common.csproj", "{56939B0C-CCD9-409E-8423-211EA04BD87D}"
EndProject
Project("{9A19103F-16F7-4668-BE54-9A1E7A4F7556}") = "Constructor", "..\constructor\src\Constructor.csproj", "{B307F1FB-2092-426B-976D-3C6E402BC926}"
EndProject
Project("{9A19103F-16F7-4668-BE54-9A1E7A4F7556}") = "Electrician", "..\eletrician\src\Electrician.csproj", "{82EFB60B-B262-4614-ACC7-5C428CD70D9A}"
EndProject
Project("{9A19103F-16F7-4668-BE54-9A1E7A4F7556}") = "Plumber", "..\plumber\src\Plumber.csproj", "{F5F3AAD8-F2AB-4D36-8E2F-550D7037E9D9}"
EndProject
Global
	GlobalSection(SolutionConfigurationPlatforms) = preSolution
		Debug|Any CPU = Debug|Any CPU
		Debug|x64 = Debug|x64
		Debug|x86 = Debug|x86
		Release|Any CPU = Release|Any CPU
		Release|x64 = Release|x64
		Release|x86 = Release|x86
	EndGlobalSection
	GlobalSection(ProjectConfigurationPlatforms) = postSolution
		{56939B0C-CCD9-409E-8423-211EA04BD87D}.Debug|Any CPU.ActiveCfg = Debug|Any CPU
		{56939B0C-CCD9-409E-8423-211EA04BD87D}.Debug|Any CPU.Build.0 = Debug|Any CPU
		{56939B0C-CCD9-409E-8423-211EA04BD87D}.Debug|x64.ActiveCfg = Debug|Any CPU
		{56939B0C-CCD9-409E-8423-211EA04BD87D}.Debug|x64.Build.0 = Debug|Any CPU
		{56939B0C-CCD9-409E-8423-211EA04BD87D}.Debug|x86.ActiveCfg = Debug|Any CPU
		{56939B0C-CCD9-409E-8423-211EA04BD87D}.Debug|x86.Build.0 = Debug|Any CPU
		{56939B0C-CCD9-409E-8423-211EA04BD87D}.Release|Any CPU.ActiveCfg = Release|Any CPU
		{56939B0C-CCD9-409E-8423-211EA04BD87D}.Release|Any CPU.Build.0 = Release|Any CPU
		{56939B0C-CCD9-409E-8423-211EA04BD87D}.Release|x64.ActiveCfg = Release|Any CPU
		{56939B0C-CCD9-409E-8423-211EA04BD87D}.Release|x64.Build.0 = Release|Any CPU
		{56939B0C-CCD9-409E-8423-211EA04BD87D}.Release|x86.ActiveCfg = Release|Any CPU
		{56939B0C-CCD9-409E-8423-211EA04BD87D}.Release|x86.Build.0 = Release|Any CPU
		{B307F1FB-2092-426B-976D-3C6E402BC926}.Debug|Any CPU.ActiveCfg = Debug|Any CPU
		{B307F1FB-2092-426B-976D-3C6E402BC926}.Debug|Any CPU.Build.0 = Debug|Any CPU
		{B307F1FB-2092-426B-976D-3C6E402BC926}.Debug|x64.ActiveCfg = Debug|Any CPU
		{B307F1FB-2092-426B-976D-3C6E402BC926}.Debug|x64.Build.0 = Debug|Any CPU
		{B307F1FB-2092-426B-976D-3C6E402BC926}.Debug|x86.ActiveCfg = Debug|Any CPU
		{B307F1FB-2092-426B-976D-3C6E402BC926}.Debug|x86.Build.0 = Debug|Any CPU
		{B307F1FB-2092-426B-976D-3C6E402BC926}.Release|Any CPU.ActiveCfg = Release|Any CPU
		{B307F1FB-2092-426B-976D-3C6E402BC926}.Release|Any CPU.Build.0 = Release|Any CPU
		{B307F1FB-2092-426B-976D-3C6E402BC926}.Release|x64.ActiveCfg = Release|Any CPU
		{B307F1FB-2092-426B-976D-3C6E402BC926}.Release|x64.Build.0 = Release|Any CPU
		{B307F1FB-2092-426B-976D-3C6E402BC926}.Release|x86.ActiveCfg = Release|Any CPU
		{B307F1FB-2092-426B-976D-3C6E402BC926}.Release|x86.Build.0 = Release|Any CPU
		{82EFB60B-B262-4614-ACC7-5C428CD70D9A}.Debug|Any CPU.ActiveCfg = Debug|Any CPU
		{82EFB60B-B262-4614-ACC7-5C428CD70D9A}.Debug|Any CPU.Build.0 = Debug|Any CPU
		{82EFB60B-B262-4614-ACC7-5C428CD70D9A}.Debug|x64.ActiveCfg = Debug|Any CPU
		{82EFB60B-B262-4614-ACC7-5C428CD70D9A}.Debug|x64.Build.0 = Debug|Any CPU
		{82EFB60B-B262-4614-ACC7-5C428CD70D9A}.Debug|x86.ActiveCfg = Debug|Any CPU
		{82EFB60B-B262-4614-ACC7-5C428CD70D9A}.Debug|x86.Build.0 = Debug|Any CPU
		{82EFB60B-B262-4614-ACC7-5C428CD70D9A}.Release|Any CPU.ActiveCfg = Release|Any CPU
		{82EFB60B-B262-4614-ACC7-5C428CD70D9A}.Release|Any CPU.Build.0 = Release|Any CPU
		{82EFB60B-B262-4614-ACC7-5C428CD70D9A}.Release|x64.ActiveCfg = Release|Any CPU
		{82EFB60B-B262-4614-ACC7-5C428CD70D9A}.Release|x64.Build.0 = Release|Any CPU
		{82EFB60B-B262-4614-ACC7-5C428CD70D9A}.Release|x86.ActiveCfg = Release|Any CPU
		{82EFB60B-B262-4614-ACC7-5C428CD70D9A}.Release|x86.Build.0 = Release|Any CPU
		{F5F3AAD8-F2AB-4D36-8E2F-550D7037E9D9}.Debug|Any CPU.ActiveCfg = Debug|Any CPU
		{F5F3AAD8-F2AB-4D36-8E2F-550D7037E9D9}.Debug|Any CPU.Build.0 = Debug|Any CPU
		{F5F3AAD8-F2AB-4D36-8E2F-550D7037E9D9}.Debug|x64.ActiveCfg = Debug|Any CPU
		{F5F3AAD8-F2AB-4D36-8E2F-550D7037E9D9}.Debug|x64.Build.0 = Debug|Any CPU
		{F5F3AAD8-F2AB-4D36-8E2F-550D7037E9D9}.Debug|x86.ActiveCfg = Debug|Any CPU
		{F5F3AAD8-F2AB-4D36-8E2F-550D7037E9D9}.Debug|x86.Build.0 = Debug|Any CPU
		{F5F3AAD8-F2AB-4D36-8E2F-550D7037E9D9}.Release|Any CPU.ActiveCfg = Release|Any CPU
		{F5F3AAD8-F2AB-4D36-8E2F-550D7037E9D9}.Release|Any CPU.Build.0 = Release|Any CPU
		{F5F3AAD8-F2AB-4D36-8E2F-550D7037E9D9}.Release|x64.ActiveCfg = Release|Any CPU
		{F5F3AAD8-F2AB-4D36-8E2F-550D7037E9D9}.Release|x64.Build.0 = Release|Any CPU
		{F5F3AAD8-F2AB-4D36-8E2F-550D7037E9D9}.Release|x86.ActiveCfg = Release|Any CPU
		{F5F3AAD8-F2AB-4D36-8E2F-550D7037E9D9}.Release|x86.Build.0 = Release|Any CPU
	EndGlobalSection
	GlobalSection(SolutionProperties) = preSolution
		HideSolutionNode = FALSE
	EndGlobalSection
	GlobalSection(NestedProjects) = preSolution
		{B307F1FB-2092-426B-976D-3C6E402BC926} = {EE4E757E-3A78-4D1E-9A23-39F66F3B4260}
		{82EFB60B-B262-4614-ACC7-5C428CD70D9A} = {000820C4-53AF-4421-AE10-862A107BBCE2}
		{F5F3AAD8-F2AB-4D36-8E2F-550D7037E9D9} = {D679CC68-E828-4754-B7D6-F1CF31E052AA}
	EndGlobalSection
	GlobalSection(ExtensibilityGlobals) = postSolution
		SolutionGuid = {444CA342-D391-4341-8AE5-85546FC40A3C}
	EndGlobalSection
EndGlobal
